
Microsoft Visual Studio Solution File, Format Version 12.00
# Visual Studio Version 16
VisualStudioVersion = 16.0.30413.136
MinimumVisualStudioVersion = 10.0.40219.1
Project("{FAE04EC0-301F-11D3-BF4B-00C04F79EFBC}") = "switch statement", "switch statement\switch statement.csproj", "{A0B8F6FB-021B-467F-A9C1-9A11934CACAB}"
EndProject
Global
	GlobalSection(SolutionConfigurationPlatforms) = preSolution
		Debug|Any CPU = Debug|Any CPU
		Release|Any CPU = Release|Any CPU
	EndGlobalSection
	GlobalSection(ProjectConfigurationPlatforms) = postSolution
		{A0B8F6FB-021B-467F-A9C1-9A11934CACAB}.Debug|Any CPU.ActiveCfg = Debug|Any CPU
		{A0B8F6FB-021B-467F-A9C1-9A11934CACAB}.Debug|Any CPU.Build.0 = Debug|Any CPU
		{A0B8F6FB-021B-467F-A9C1-9A11934CACAB}.Release|Any CPU.ActiveCfg = Release|Any CPU
		{A0B8F6FB-021B-467F-A9C1-9A11934CACAB}.Release|Any CPU.Build.0 = Release|Any CPU
	EndGlobalSection
	GlobalSection(SolutionProperties) = preSolution
		HideSolutionNode = FALSE
	EndGlobalSection
	GlobalSection(ExtensibilityGlobals) = postSolution
		SolutionGuid = {C85BEFBE-3750-4CD1-9984-7A5035C83F31}
	EndGlobalSection
EndGlobal
